PODS:
  - Router (0.0.1):
    - SwifterSwift
  - SwifterSwift (5.1.0):
    - SwifterSwift/AppKit (= 5.1.0)
    - SwifterSwift/CoreGraphics (= 5.1.0)
    - SwifterSwift/CoreLocation (= 5.1.0)
    - SwifterSwift/Dispatch (= 5.1.0)
    - SwifterSwift/Foundation (= 5.1.0)
    - SwifterSwift/MapKit (= 5.1.0)
    - SwifterSwift/SceneKit (= 5.1.0)
    - SwifterSwift/SpriteKit (= 5.1.0)
    - SwifterSwift/SwiftStdlib (= 5.1.0)
    - SwifterSwift/UIKit (= 5.1.0)
  - SwifterSwift/AppKit (5.1.0)
  - SwifterSwift/CoreGraphics (5.1.0)
  - SwifterSwift/CoreLocation (5.1.0)
  - SwifterSwift/Dispatch (5.1.0)
  - SwifterSwift/Foundation (5.1.0)
  - SwifterSwift/MapKit (5.1.0)
  - SwifterSwift/SceneKit (5.1.0)
  - SwifterSwift/SpriteKit (5.1.0)
  - SwifterSwift/SwiftStdlib (5.1.0)
  - SwifterSwift/UIKit (5.1.0)

DEPENDENCIES:
  - Router (from `../`)

SPEC REPOS:
  trunk:
    - SwifterSwift

EXTERNAL SOURCES:
  Router:
    :path: "../"

SPEC CHECKSUMS:
  Router: 4a6b13ed195c1eeba9f8e36a6cfd7614bfd6b689
  SwifterSwift: a9e8e144832638c2850b43da5feaf9598c6ad65b

PODFILE CHECKSUM: a567a148823bbb6711868c4a943ea2fa81f870b3

COCOAPODS: 1.11.2
